// !$*UTF8*$!
{
	archiveVersion = 1;
	classes = {
	};
	objectVersion = 50;
	objects = {

/* Begin PBXBuildFile section */
		3FF31F4927D0116E00E41835 /* AppDelegate.swift in Sources */ = {isa = PBXBuildFile; fileRef = 3FF31F4827D0116E00E41835 /* AppDelegate.swift */; };
		3FF31F4B27D0116E00E41835 /* SceneDelegate.swift in Sources */ = {isa = PBXBuildFile; fileRef = 3FF31F4A27D0116E00E41835 /* SceneDelegate.swift */; };
		3FF31F4D27D0116E00E41835 /* ViewController.swift in Sources */ = {isa = PBXBuildFile; fileRef = 3FF31F4C27D0116E00E41835 /* ViewController.swift */; };
		3FF31F5027D0116E00E41835 /* Main.storyboard in Resources */ = {isa = PBXBuildFile; fileRef = 3FF31F4E27D0116E00E41835 /* Main.storyboard */; };
		3FF31F5227D0116F00E41835 /* Assets.xcassets in Resources */ = {isa = PBXBuildFile; fileRef = 3FF31F5127D0116F00E41835 /* Assets.xcassets */; };
		3FF31F5527D0116F00E41835 /* LaunchScreen.storyboard in Resources */ = {isa = PBXBuildFile; fileRef = 3FF31F5327D0116F00E41835 /* LaunchScreen.storyboard */; };
		3FF31F6027D0116F00E41835 /* Merugu_SearchAppTests.swift in Sources */ = {isa = PBXBuildFile; fileRef = 3FF31F5F27D0116F00E41835 /* Merugu_SearchAppTests.swift */; };
		3FF31F6B27D0116F00E41835 /* Merugu_SearchAppUITests.swift in Sources */ = {isa = PBXBuildFile; fileRef = 3FF31F6A27D0116F00E41835 /* Merugu_SearchAppUITests.swift */; };
/* End PBXBuildFile section */

/* Begin PBXContainerItemProxy section */
		3FF31F5C27D0116F00E41835 /* PBXContainerItemProxy */ = {
			isa = PBXContainerItemProxy;
			containerPortal = 3FF31F3D27D0116E00E41835 /* Project object */;
			proxyType = 1;
			remoteGlobalIDString = 3FF31F4427D0116E00E41835;
			remoteInfo = Merugu_SearchApp;
		};
		3FF31F6727D0116F00E41835 /* PBXContainerItemProxy */ = {
			isa = PBXContainerItemProxy;
			containerPortal = 3FF31F3D27D0116E00E41835 /* Project object */;
			proxyType = 1;
			remoteGlobalIDString = 3FF31F4427D0116E00E41835;
			remoteInfo = Merugu_SearchApp;
		};
/* End PBXContainerItemProxy section */

/* Begin PBXFileReference section */
		3FF31F4527D0116E00E41835 /* Merugu_SearchApp.app */ = {isa = PBXFileReference; explicitFileType = wrapper.application; includeInIndex = 0; path = Merugu_SearchApp.app; sourceTree = BUILT_PRODUCTS_DIR; };
		3FF31F4827D0116E00E41835 /* AppDelegate.swift */ = {isa = PBXFileReference; lastKnownFileType = sourcecode.swift; path = AppDelegate.swift; sourceTree = "<group>"; };
		3FF31F4A27D0116E00E41835 /* SceneDelegate.swift */ = {isa = PBXFileReference; lastKnownFileType = sourcecode.swift; path = SceneDelegate.swift; sourceTree = "<group>"; };
		3FF31F4C27D0116E00E41835 /* ViewController.swift */ = {isa = PBXFileReference; lastKnownFileType = sourcecode.swift; path = ViewController.swift; sourceTree = "<group>"; };
		3FF31F4F27D0116E00E41835 /* Base */ = {isa = PBXFileReference; lastKnownFileType = file.storyboard; name = Base; path = Base.lproj/Main.storyboard; sourceTree = "<group>"; };
		3FF31F5127D0116F00E41835 /* Assets.xcassets */ = {isa = PBXFileReference; lastKnownFileType = folder.assetcatalog; path = Assets.xcassets; sourceTree = "<group>"; };
		3FF31F5427D0116F00E41835 /* Base */ = {isa = PBXFileReference; lastKnownFileType = file.storyboard; name = Base; path = Base.lproj/LaunchScreen.storyboard; sourceTree = "<group>"; };
		3FF31F5627D0116F00E41835 /* Info.plist */ = {isa = PBXFileReference; lastKnownFileType = text.plist.xml; path = Info.plist; sourceTree = "<group>"; };
		3FF31F5B27D0116F00E41835 /* Merugu_SearchAppTests.xctest */ = {isa = PBXFileReference; explicitFileType = wrapper.cfbundle; includeInIndex = 0; path = Merugu_SearchAppTests.xctest; sourceTree = BUILT_PRODUCTS_DIR; };
		3FF31F5F27D0116F00E41835 /* Merugu_SearchAppTests.swift */ = {isa = PBXFileReference; lastKnownFileType = sourcecode.swift; path = Merugu_SearchAppTests.swift; sourceTree = "<group>"; };
		3FF31F6127D0116F00E41835 /* Info.plist */ = {isa = PBXFileReference; lastKnownFileType = text.plist.xml; path = Info.plist; sourceTree = "<group>"; };
		3FF31F6627D0116F00E41835 /* Merugu_SearchAppUITests.xctest */ = {isa = PBXFileReference; explicitFileType = wrapper.cfbundle; includeInIndex = 0; path = Merugu_SearchAppUITests.xctest; sourceTree = BUILT_PRODUCTS_DIR; };
		3FF31F6A27D0116F00E41835 /* Merugu_SearchAppUITests.swift */ = {isa = PBXFileReference; lastKnownFileType = sourcecode.swift; path = Merugu_SearchAppUITests.swift; sourceTree = "<group>"; };
		3FF31F6C27D0116F00E41835 /* Info.plist */ = {isa = PBXFileReference; lastKnownFileType = text.plist.xml; path = Info.plist; sourceTree = "<group>"; };
/* End PBXFileReference section */

/* Begin PBXFrameworksBuildPhase section */
		3FF31F4227D0116E00E41835 /* Frameworks */ = {
			isa = PBXFrameworksBuildPhase;
			buildActionMask = 2147483647;
			files = (
			);
			runOnlyForDeploymentPostprocessing = 0;
		};
		3FF31F5827D0116F00E41835 /* Frameworks */ = {
			isa = PBXFrameworksBuildPhase;
			buildActionMask = 2147483647;
			files = (
			);
			runOnlyForDeploymentPostprocessing = 0;
		};
		3FF31F6327D0116F00E41835 /* Frameworks */ = {
			isa = PBXFrameworksBuildPhase;
			buildActionMask = 2147483647;
			files = (
			);
			runOnlyForDeploymentPostprocessing = 0;
		};
/* End PBXFrameworksBuildPhase section */

/* Begin PBXGroup section */
		3FF31F3C27D0116E00E41835 = {
			isa = PBXGroup;
			children = (
				3FF31F4727D0116E00E41835 /* Merugu_SearchApp */,
				3FF31F5E27D0116F00E41835 /* Merugu_SearchAppTests */,
				3FF31F6927D0116F00E41835 /* Merugu_SearchAppUITests */,
				3FF31F4627D0116E00E41835 /* Products */,
			);
			sourceTree = "<group>";
		};
		3FF31F4627D0116E00E41835 /* Products */ = {
			isa = PBXGroup;
			children = (
				3FF31F4527D0116E00E41835 /* Merugu_SearchApp.app */,
				3FF31F5B27D0116F00E41835 /* Merugu_SearchAppTests.xctest */,
				3FF31F6627D0116F00E41835 /* Merugu_SearchAppUITests.xctest */,
			);
			name = Products;
			sourceTree = "<group>";
		};
		3FF31F4727D0116E00E41835 /* Merugu_SearchApp */ = {
			isa = PBXGroup;
			children = (
				3FF31F4827D0116E00E41835 /* AppDelegate.swift */,
				3FF31F4A27D0116E00E41835 /* SceneDelegate.swift */,
				3FF31F4C27D0116E00E41835 /* ViewController.swift */,
				3FF31F4E27D0116E00E41835 /* Main.storyboard */,
				3FF31F5127D0116F00E41835 /* Assets.xcassets */,
				3FF31F5327D0116F00E41835 /* LaunchScreen.storyboard */,
				3FF31F5627D0116F00E41835 /* Info.plist */,
			);
			path = Merugu_SearchApp;
			sourceTree = "<group>";
		};
		3FF31F5E27D0116F00E41835 /* Merugu_SearchAppTests */ = {
			isa = PBXGroup;
			children = (
				3FF31F5F27D0116F00E41835 /* Merugu_SearchAppTests.swift */,
				3FF31F6127D0116F00E41835 /* Info.plist */,
			);
			path = Merugu_SearchAppTests;
			sourceTree = "<group>";
		};
		3FF31F6927D0116F00E41835 /* Merugu_SearchAppUITests */ = {
			isa = PBXGroup;
			children = (
				3FF31F6A27D0116F00E41835 /* Merugu_SearchAppUITests.swift */,
				3FF31F6C27D0116F00E41835 /* Info.plist */,
			);
			path = Merugu_SearchAppUITests;
			sourceTree = "<group>";
		};
/* End PBXGroup section */

/* Begin PBXNativeTarget section */
		3FF31F4427D0116E00E41835 /* Merugu_SearchApp */ = {
			isa = PBXNativeTarget;
			buildConfigurationList = 3FF31F6F27D0116F00E41835 /* Build configuration list for PBXNativeTarget "Merugu_SearchApp" */;
			buildPhases = (
				3FF31F4127D0116E00E41835 /* Sources */,
				3FF31F4227D0116E00E41835 /* Frameworks */,
				3FF31F4327D0116E00E41835 /* Resources */,
			);
			buildRules = (
			);
			dependencies = (
			);
			name = Merugu_SearchApp;
			productName = Merugu_SearchApp;
			productReference = 3FF31F4527D0116E00E41835 /* Merugu_SearchApp.app */;
			productType = "com.apple.product-type.application";
		};
		3FF31F5A27D0116F00E41835 /* Merugu_SearchAppTests */ = {
			isa = PBXNativeTarget;
			buildConfigurationList = 3FF31F7227D0116F00E41835 /* Build configuration list for PBXNativeTarget "Merugu_SearchAppTests" */;
			buildPhases = (
				3FF31F5727D0116F00E41835 /* Sources */,
				3FF31F5827D0116F00E41835 /* Frameworks */,
				3FF31F5927D0116F00E41835 /* Resources */,
			);
			buildRules = (
			);
			dependencies = (
				3FF31F5D27D0116F00E41835 /* PBXTargetDependency */,
			);
			name = Merugu_SearchAppTests;
			productName = Merugu_SearchAppTests;
			productReference = 3FF31F5B27D0116F00E41835 /* Merugu_SearchAppTests.xctest */;
			productType = "com.apple.product-type.bundle.unit-test";
		};
		3FF31F6527D0116F00E41835 /* Merugu_SearchAppUITests */ = {
			isa = PBXNativeTarget;
			buildConfigurationList = 3FF31F7527D0116F00E41835 /* Build configuration list for PBXNativeTarget "Merugu_SearchAppUITests" */;
			buildPhases = (
				3FF31F6227D0116F00E41835 /* Sources */,
				3FF31F6327D0116F00E41835 /* Frameworks */,
				3FF31F6427D0116F00E41835 /* Resources */,
			);
			buildRules = (
			);
			dependencies = (
				3FF31F6827D0116F00E41835 /* PBXTargetDependency */,
			);
			name = Merugu_SearchAppUITests;
			productName = Merugu_SearchAppUITests;
			productReference = 3FF31F6627D0116F00E41835 /* Merugu_SearchAppUITests.xctest */;
			productType = "com.apple.product-type.bundle.ui-testing";
		};
/* End PBXNativeTarget section */

/* Begin PBXProject section */
		3FF31F3D27D0116E00E41835 /* Project object */ = {
			isa = PBXProject;
			attributes = {
				LastSwiftUpdateCheck = 1250;
				LastUpgradeCheck = 1250;
				TargetAttributes = {
					3FF31F4427D0116E00E41835 = {
						CreatedOnToolsVersion = 12.5.1;
					};
					3FF31F5A27D0116F00E41835 = {
						CreatedOnToolsVersion = 12.5.1;
						TestTargetID = 3FF31F4427D0116E00E41835;
					};
					3FF31F6527D0116F00E41835 = {
						CreatedOnToolsVersion = 12.5.1;
						TestTargetID = 3FF31F4427D0116E00E41835;
					};
				};
			};
			buildConfigurationList = 3FF31F4027D0116E00E41835 /* Build configuration list for PBXProject "Merugu_SearchApp" */;
			compatibilityVersion = "Xcode 9.3";
			developmentRegion = en;
			hasScannedForEncodings = 0;
			knownRegions = (
				en,
				Base,
			);
			mainGroup = 3FF31F3C27D0116E00E41835;
			productRefGroup = 3FF31F4627D0116E00E41835 /* Products */;
			projectDirPath = "";
			projectRoot = "";
			targets = (
				3FF31F4427D0116E00E41835 /* Merugu_SearchApp */,
				3FF31F5A27D0116F00E41835 /* Merugu_SearchAppTests */,
				3FF31F6527D0116F00E41835 /* Merugu_SearchAppUITests */,
			);
		};
/* End PBXProject section */

/* Begin PBXResourcesBuildPhase section */
		3FF31F4327D0116E00E41835 /* Resources */ = {
			isa = PBXResourcesBuildPhase;
			buildActionMask = 2147483647;
			files = (
				3FF31F5527D0116F00E41835 /* LaunchScreen.storyboard in Resources */,
				3FF31F5227D0116F00E41835 /* Assets.xcassets in Resources */,
				3FF31F5027D0116E00E41835 /* Main.storyboard in Resources */,
			);
			runOnlyForDeploymentPostprocessing = 0;
		};
		3FF31F5927D0116F00E41835 /* Resources */ = {
			isa = PBXResourcesBuildPhase;
			buildActionMask = 2147483647;
			files = (
			);
			runOnlyForDeploymentPostprocessing = 0;
		};
		3FF31F6427D0116F00E41835 /* Resources */ = {
			isa = PBXResourcesBuildPhase;
			buildActionMask = 2147483647;
			files = (
			);
			runOnlyForDeploymentPostprocessing = 0;
		};
/* End PBXResourcesBuildPhase section */

/* Begin PBXSourcesBuildPhase section */
		3FF31F4127D0116E00E41835 /* Sources */ = {
			isa = PBXSourcesBuildPhase;
			buildActionMask = 2147483647;
			files = (
				3FF31F4D27D0116E00E41835 /* ViewController.swift in Sources */,
				3FF31F4927D0116E00E41835 /* AppDelegate.swift in Sources */,
				3FF31F4B27D0116E00E41835 /* SceneDelegate.swift in Sources */,
			);
			runOnlyForDeploymentPostprocessing = 0;
		};
		3FF31F5727D0116F00E41835 /* Sources */ = {
			isa = PBXSourcesBuildPhase;
			buildActionMask = 2147483647;
			files = (
				3FF31F6027D0116F00E41835 /* Merugu_SearchAppTests.swift in Sources */,
			);
			runOnlyForDeploymentPostprocessing = 0;
		};
		3FF31F6227D0116F00E41835 /* Sources */ = {
			isa = PBXSourcesBuildPhase;
			buildActionMask = 2147483647;
			files = (
				3FF31F6B27D0116F00E41835 /* Merugu_SearchAppUITests.swift in Sources */,
			);
			runOnlyForDeploymentPostprocessing = 0;
		};
/* End PBXSourcesBuildPhase section */

/* Begin PBXTargetDependency section */
		3FF31F5D27D0116F00E41835 /* PBXTargetDependency */ = {
			isa = PBXTargetDependency;
			target = 3FF31F4427D0116E00E41835 /* Merugu_SearchApp */;
			targetProxy = 3FF31F5C27D0116F00E41835 /* PBXContainerItemProxy */;
		};
		3FF31F6827D0116F00E41835 /* PBXTargetDependency */ = {
			isa = PBXTargetDependency;
			target = 3FF31F4427D0116E00E41835 /* Merugu_SearchApp */;
			targetProxy = 3FF31F6727D0116F00E41835 /* PBXContainerItemProxy */;
		};
/* End PBXTargetDependency section */

/* Begin PBXVariantGroup section */
		3FF31F4E27D0116E00E41835 /* Main.storyboard */ = {
			isa = PBXVariantGroup;
			children = (
				3FF31F4F27D0116E00E41835 /* Base */,
			);
			name = Main.storyboard;
			sourceTree = "<group>";
		};
		3FF31F5327D0116F00E41835 /* LaunchScreen.storyboard */ = {
			isa = PBXVariantGroup;
			children = (
				3FF31F5427D0116F00E41835 /* Base */,
			);
			name = LaunchScreen.storyboard;
			sourceTree = "<group>";
		};
/* End PBXVariantGroup section */

/* Begin XCBuildConfiguration section */
		3FF31F6D27D0116F00E41835 /* Debug */ = {
			isa = XCBuildConfiguration;
			buildSettings = {
				ALWAYS_SEARCH_USER_PATHS = NO;
				CLANG_ANALYZER_NONNULL = YES;
				CLANG_ANALYZER_NUMBER_OBJECT_CONVERSION = YES_AGGRESSIVE;
				CLANG_CXX_LANGUAGE_STANDARD = "gnu++14";
				CLANG_CXX_LIBRARY = "libc++";
				CLANG_ENABLE_MODULES = YES;
				CLANG_ENABLE_OBJC_ARC = YES;
				CLANG_ENABLE_OBJC_WEAK = YES;
				CLANG_WARN_BLOCK_CAPTURE_AUTORELEASING = YES;
				CLANG_WARN_BOOL_CONVERSION = YES;
				CLANG_WARN_COMMA = YES;
				CLANG_WARN_CONSTANT_CONVERSION = YES;
				CLANG_WARN_DEPRECATED_OBJC_IMPLEMENTATIONS = YES;
				CLANG_WARN_DIRECT_OBJC_ISA_USAGE = YES_ERROR;
				CLANG_WARN_DOCUMENTATION_COMMENTS = YES;
				CLANG_WARN_EMPTY_BODY = YES;
				CLANG_WARN_ENUM_CONVERSION = YES;
				CLANG_WARN_INFINITE_RECURSION = YES;
				CLANG_WARN_INT_CONVERSION = YES;
				CLANG_WARN_NON_LITERAL_NULL_CONVERSION = YES;
				CLANG_WARN_OBJC_IMPLICIT_RETAIN_SELF = YES;
				CLANG_WARN_OBJC_LITERAL_CONVERSION = YES;
				CLANG_WARN_OBJC_ROOT_CLASS = YES_ERROR;
				CLANG_WARN_QUOTED_INCLUDE_IN_FRAMEWORK_HEADER = YES;
				CLANG_WARN_RANGE_LOOP_ANALYSIS = YES;
				CLANG_WARN_STRICT_PROTOTYPES = YES;
				CLANG_WARN_SUSPICIOUS_MOVE = YES;
				CLANG_WARN_UNGUARDED_AVAILABILITY = YES_AGGRESSIVE;
				CLANG_WARN_UNREACHABLE_CODE = YES;
				CLANG_WARN__DUPLICATE_METHOD_MATCH = YES;
				COPY_PHASE_STRIP = NO;
				DEBUG_INFORMATION_FORMAT = dwarf;
				ENABLE_STRICT_OBJC_MSGSEND = YES;
				ENABLE_TESTABILITY = YES;
				GCC_C_LANGUAGE_STANDARD = gnu11;
				GCC_DYNAMIC_NO_PIC = NO;
				GCC_NO_COMMON_BLOCKS = YES;
				GCC_OPTIMIZATION_LEVEL = 0;
				GCC_PREPROCESSOR_DEFINITIONS = (
					"DEBUG=1",
					"$(inherited)",
				);
				GCC_WARN_64_TO_32_BIT_CONVERSION = YES;
				GCC_WARN_ABOUT_RETURN_TYPE = YES_ERROR;
				GCC_WARN_UNDECLARED_SELECTOR = YES;
				GCC_WARN_UNINITIALIZED_AUTOS = YES_AGGRESSIVE;
				GCC_WARN_UNUSED_FUNCTION = YES;
				GCC_WARN_UNUSED_VARIABLE = YES;
				IPHONEOS_DEPLOYMENT_TARGET = 14.5;
				MTL_ENABLE_DEBUG_INFO = INCLUDE_SOURCE;
				MTL_FAST_MATH = YES;
				ONLY_ACTIVE_ARCH = YES;
				SDKROOT = iphoneos;
				SWIFT_ACTIVE_COMPILATION_CONDITIONS = DEBUG;
				SWIFT_OPTIMIZATION_LEVEL = "-Onone";
			};
			name = Debug;
		};
		3FF31F6E27D0116F00E41835 /* Release */ = {
			isa = XCBuildConfiguration;
			buildSettings = {
				ALWAYS_SEARCH_USER_PATHS = NO;
				CLANG_ANALYZER_NONNULL = YES;
				CLANG_ANALYZER_NUMBER_OBJECT_CONVERSION = YES_AGGRESSIVE;
				CLANG_CXX_LANGUAGE_STANDARD = "gnu++14";
				CLANG_CXX_LIBRARY = "libc++";
				CLANG_ENABLE_MODULES = YES;
				CLANG_ENABLE_OBJC_ARC = YES;
				CLANG_ENABLE_OBJC_WEAK = YES;
				CLANG_WARN_BLOCK_CAPTURE_AUTORELEASING = YES;
				CLANG_WARN_BOOL_CONVERSION = YES;
				CLANG_WARN_COMMA = YES;
				CLANG_WARN_CONSTANT_CONVERSION = YES;
				CLANG_WARN_DEPRECATED_OBJC_IMPLEMENTATIONS = YES;
				CLANG_WARN_DIRECT_OBJC_ISA_USAGE = YES_ERROR;
				CLANG_WARN_DOCUMENTATION_COMMENTS = YES;
				CLANG_WARN_EMPTY_BODY = YES;
				CLANG_WARN_ENUM_CONVERSION = YES;
				CLANG_WARN_INFINITE_RECURSION = YES;
				CLANG_WARN_INT_CONVERSION = YES;
				CLANG_WARN_NON_LITERAL_NULL_CONVERSION = YES;
				CLANG_WARN_OBJC_IMPLICIT_RETAIN_SELF = YES;
				CLANG_WARN_OBJC_LITERAL_CONVERSION = YES;
				CLANG_WARN_OBJC_ROOT_CLASS = YES_ERROR;
				CLANG_WARN_QUOTED_INCLUDE_IN_FRAMEWORK_HEADER = YES;
				CLANG_WARN_RANGE_LOOP_ANALYSIS = YES;
				CLANG_WARN_STRICT_PROTOTYPES = YES;
				CLANG_WARN_SUSPICIOUS_MOVE = YES;
				CLANG_WARN_UNGUARDED_AVAILABILITY = YES_AGGRESSIVE;
				CLANG_WARN_UNREACHABLE_CODE = YES;
				CLANG_WARN__DUPLICATE_METHOD_MATCH = YES;
				COPY_PHASE_STRIP = NO;
				DEBUG_INFORMATION_FORMAT = "dwarf-with-dsym";
				ENABLE_NS_ASSERTIONS = NO;
				ENABLE_STRICT_OBJC_MSGSEND = YES;
				GCC_C_LANGUAGE_STANDARD = gnu11;
				GCC_NO_COMMON_BLOCKS = YES;
				GCC_WARN_64_TO_32_BIT_CONVERSION = YES;
				GCC_WARN_ABOUT_RETURN_TYPE = YES_ERROR;
				GCC_WARN_UNDECLARED_SELECTOR = YES;
				GCC_WARN_UNINITIALIZED_AUTOS = YES_AGGRESSIVE;
				GCC_WARN_UNUSED_FUNCTION = YES;
				GCC_WARN_UNUSED_VARIABLE = YES;
				IPHONEOS_DEPLOYMENT_TARGET = 14.5;
				MTL_ENABLE_DEBUG_INFO = NO;
				MTL_FAST_MATH = YES;
				SDKROOT = iphoneos;
				SWIFT_COMPILATION_MODE = wholemodule;
				SWIFT_OPTIMIZATION_LEVEL = "-O";
				VALIDATE_PRODUCT = YES;
			};
			name = Release;
		};
		3FF31F7027D0116F00E41835 /* Debug */ = {
			isa = XCBuildConfiguration;
			buildSettings = {
				ASSETCATALOG_COMPILER_APPICON_NAME = AppIcon;
				ASSETCATALOG_COMPILER_GLOBAL_ACCENT_COLOR_NAME = AccentColor;
				CODE_SIGN_STYLE = Automatic;
				INFOPLIST_FILE = Merugu_SearchApp/Info.plist;
				LD_RUNPATH_SEARCH_PATHS = (
					"$(inherited)",
					"@executable_path/Frameworks",
				);
				PRODUCT_BUNDLE_IDENTIFIER = "nwmsu.Merugu-SearchApp";
				PRODUCT_NAME = "$(TARGET_NAME)";
				SWIFT_VERSION = 5.0;
				TARGETED_DEVICE_FAMILY = "1,2";
			};
			name = Debug;
		};
		3FF31F7127D0116F00E41835 /* Release */ = {
			isa = XCBuildConfiguration;
			buildSettings = {
				ASSETCATALOG_COMPILER_APPICON_NAME = AppIcon;
				ASSETCATALOG_COMPILER_GLOBAL_ACCENT_COLOR_NAME = AccentColor;
				CODE_SIGN_STYLE = Automatic;
				INFOPLIST_FILE = Merugu_SearchApp/Info.plist;
				LD_RUNPATH_SEARCH_PATHS = (
					"$(inherited)",
					"@executable_path/Frameworks",
				);
				PRODUCT_BUNDLE_IDENTIFIER = "nwmsu.Merugu-SearchApp";
				PRODUCT_NAME = "$(TARGET_NAME)";
				SWIFT_VERSION = 5.0;
				TARGETED_DEVICE_FAMILY = "1,2";
			};
			name = Release;
		};
		3FF31F7327D0116F00E41835 /* Debug */ = {
			isa = XCBuildConfiguration;
			buildSettings = {
				ALWAYS_EMBED_SWIFT_STANDARD_LIBRARIES = YES;
				BUNDLE_LOADER = "$(TEST_HOST)";
				CODE_SIGN_STYLE = Automatic;
				INFOPLIST_FILE = Merugu_SearchAppTests/Info.plist;
				IPHONEOS_DEPLOYMENT_TARGET = 14.5;
				LD_RUNPATH_SEARCH_PATHS = (
					"$(inherited)",
					"@executable_path/Frameworks",
					"@loader_path/Frameworks",
				);
				PRODUCT_BUNDLE_IDENTIFIER = "nwmsu.Merugu-SearchAppTests";
				PRODUCT_NAME = "$(TARGET_NAME)";
				SWIFT_VERSION = 5.0;
				TARGETED_DEVICE_FAMILY = "1,2";
				TEST_HOST = "$(BUILT_PRODUCTS_DIR)/Merugu_SearchApp.app/Merugu_SearchApp";
			};
			name = Debug;
		};
		3FF31F7427D0116F00E41835 /* Release */ = {
			isa = XCBuildConfiguration;
			buildSettings = {
				ALWAYS_EMBED_SWIFT_STANDARD_LIBRARIES = YES;
				BUNDLE_LOADER = "$(TEST_HOST)";
				CODE_SIGN_STYLE = Automatic;
				INFOPLIST_FILE = Merugu_SearchAppTests/Info.plist;
				IPHONEOS_DEPLOYMENT_TARGET = 14.5;
				LD_RUNPATH_SEARCH_PATHS = (
					"$(inherited)",
					"@executable_path/Frameworks",
					"@loader_path/Frameworks",
				);
				PRODUCT_BUNDLE_IDENTIFIER = "nwmsu.Merugu-SearchAppTests";
				PRODUCT_NAME = "$(TARGET_NAME)";
				SWIFT_VERSION = 5.0;
				TARGETED_DEVICE_FAMILY = "1,2";
				TEST_HOST = "$(BUILT_PRODUCTS_DIR)/Merugu_SearchApp.app/Merugu_SearchApp";
			};
			name = Release;
		};
		3FF31F7627D0116F00E41835 /* Debug */ = {
			isa = XCBuildConfiguration;
			buildSettings = {
				ALWAYS_EMBED_SWIFT_STANDARD_LIBRARIES = YES;
				CODE_SIGN_STYLE = Automatic;
				INFOPLIST_FILE = Merugu_SearchAppUITests/Info.plist;
				LD_RUNPATH_SEARCH_PATHS = (
					"$(inherited)",
					"@executable_path/Frameworks",
					"@loader_path/Frameworks",
				);
				PRODUCT_BUNDLE_IDENTIFIER = "nwmsu.Merugu-SearchAppUITests";
				PRODUCT_NAME = "$(TARGET_NAME)";
				SWIFT_VERSION = 5.0;
				TARGETED_DEVICE_FAMILY = "1,2";
				TEST_TARGET_NAME = Merugu_SearchApp;
			};
			name = Debug;
		};
		3FF31F7727D0116F00E41835 /* Release */ = {
			isa = XCBuildConfiguration;
			buildSettings = {
				ALWAYS_EMBED_SWIFT_STANDARD_LIBRARIES = YES;
				CODE_SIGN_STYLE = Automatic;
				INFOPLIST_FILE = Merugu_SearchAppUITests/Info.plist;
				LD_RUNPATH_SEARCH_PATHS = (
					"$(inherited)",
					"@executable_path/Frameworks",
					"@loader_path/Frameworks",
				);
				PRODUCT_BUNDLE_IDENTIFIER = "nwmsu.Merugu-SearchAppUITests";
				PRODUCT_NAME = "$(TARGET_NAME)";
				SWIFT_VERSION = 5.0;
				TARGETED_DEVICE_FAMILY = "1,2";
				TEST_TARGET_NAME = Merugu_SearchApp;
			};
			name = Release;
		};
/* End XCBuildConfiguration section */

/* Begin XCConfigurationList section */
		3FF31F4027D0116E00E41835 /* Build configuration list for PBXProject "Merugu_SearchApp" */ = {
			isa = XCConfigurationList;
			buildConfigurations = (
				3FF31F6D27D0116F00E41835 /* Debug */,
				3FF31F6E27D0116F00E41835 /* Release */,
			);
			defaultConfigurationIsVisible = 0;
			defaultConfigurationName = Release;
		};
		3FF31F6F27D0116F00E41835 /* Build configuration list for PBXNativeTarget "Merugu_SearchApp" */ = {
			isa = XCConfigurationList;
			buildConfigurations = (
				3FF31F7027D0116F00E41835 /* Debug */,
				3FF31F7127D0116F00E41835 /* Release */,
			);
			defaultConfigurationIsVisible = 0;
			defaultConfigurationName = Release;
		};
		3FF31F7227D0116F00E41835 /* Build configuration list for PBXNativeTarget "Merugu_SearchAppTests" */ = {
			isa = XCConfigurationList;
			buildConfigurations = (
				3FF31F7327D0116F00E41835 /* Debug */,
				3FF31F7427D0116F00E41835 /* Release */,
			);
			defaultConfigurationIsVisible = 0;
			defaultConfigurationName = Release;
		};
		3FF31F7527D0116F00E41835 /* Build configuration list for PBXNativeTarget "Merugu_SearchAppUITests" */ = {
			isa = XCConfigurationList;
			buildConfigurations = (
				3FF31F7627D0116F00E41835 /* Debug */,
				3FF31F7727D0116F00E41835 /* Release */,
			);
			defaultConfigurationIsVisible = 0;
			defaultConfigurationName = Release;
		};
/* End XCConfigurationList section */
	};
	rootObject = 3FF31F3D27D0116E00E41835 /* Project object */;
}
