// !$*UTF8*$!
{
	archiveVersion = 1;
	classes = {
	};
	objectVersion = 55;
	objects = {

/* Begin PBXBuildFile section */
		3FFC798827D17D1900CC5057 /* AppDelegate.swift in Sources */ = {isa = PBXBuildFile; fileRef = 3FFC798727D17D1900CC5057 /* AppDelegate.swift */; };
		3FFC798A27D17D1900CC5057 /* SceneDelegate.swift in Sources */ = {isa = PBXBuildFile; fileRef = 3FFC798927D17D1900CC5057 /* SceneDelegate.swift */; };
		3FFC798C27D17D1900CC5057 /* ViewController.swift in Sources */ = {isa = PBXBuildFile; fileRef = 3FFC798B27D17D1900CC5057 /* ViewController.swift */; };
		3FFC798F27D17D1900CC5057 /* Main.storyboard in Resources */ = {isa = PBXBuildFile; fileRef = 3FFC798D27D17D1900CC5057 /* Main.storyboard */; };
		3FFC799127D17D1900CC5057 /* Assets.xcassets in Resources */ = {isa = PBXBuildFile; fileRef = 3FFC799027D17D1900CC5057 /* Assets.xcassets */; };
		3FFC799427D17D1900CC5057 /* LaunchScreen.storyboard in Resources */ = {isa = PBXBuildFile; fileRef = 3FFC799227D17D1900CC5057 /* LaunchScreen.storyboard */; };
		3FFC799F27D17D1900CC5057 /* Omtri_SearchAppTests.swift in Sources */ = {isa = PBXBuildFile; fileRef = 3FFC799E27D17D1900CC5057 /* Omtri_SearchAppTests.swift */; };
		3FFC79A927D17D1900CC5057 /* Omtri_SearchAppUITests.swift in Sources */ = {isa = PBXBuildFile; fileRef = 3FFC79A827D17D1900CC5057 /* Omtri_SearchAppUITests.swift */; };
		3FFC79AB27D17D1900CC5057 /* Omtri_SearchAppUITestsLaunchTests.swift in Sources */ = {isa = PBXBuildFile; fileRef = 3FFC79AA27D17D1900CC5057 /* Omtri_SearchAppUITestsLaunchTests.swift */; };
/* End PBXBuildFile section */

/* Begin PBXContainerItemProxy section */
		3FFC799B27D17D1900CC5057 /* PBXContainerItemProxy */ = {
			isa = PBXContainerItemProxy;
			containerPortal = 3FFC797C27D17D1900CC5057 /* Project object */;
			proxyType = 1;
			remoteGlobalIDString = 3FFC798327D17D1900CC5057;
			remoteInfo = Omtri_SearchApp;
		};
		3FFC79A527D17D1900CC5057 /* PBXContainerItemProxy */ = {
			isa = PBXContainerItemProxy;
			containerPortal = 3FFC797C27D17D1900CC5057 /* Project object */;
			proxyType = 1;
			remoteGlobalIDString = 3FFC798327D17D1900CC5057;
			remoteInfo = Omtri_SearchApp;
		};
/* End PBXContainerItemProxy section */

/* Begin PBXFileReference section */
		3FFC798427D17D1900CC5057 /* Omtri_SearchApp.app */ = {isa = PBXFileReference; explicitFileType = wrapper.application; includeInIndex = 0; path = Omtri_SearchApp.app; sourceTree = BUILT_PRODUCTS_DIR; };
		3FFC798727D17D1900CC5057 /* AppDelegate.swift */ = {isa = PBXFileReference; lastKnownFileType = sourcecode.swift; path = AppDelegate.swift; sourceTree = "<group>"; };
		3FFC798927D17D1900CC5057 /* SceneDelegate.swift */ = {isa = PBXFileReference; lastKnownFileType = sourcecode.swift; path = SceneDelegate.swift; sourceTree = "<group>"; };
		3FFC798B27D17D1900CC5057 /* ViewController.swift */ = {isa = PBXFileReference; lastKnownFileType = sourcecode.swift; path = ViewController.swift; sourceTree = "<group>"; };
		3FFC798E27D17D1900CC5057 /* Base */ = {isa = PBXFileReference; lastKnownFileType = file.storyboard; name = Base; path = Base.lproj/Main.storyboard; sourceTree = "<group>"; };
		3FFC799027D17D1900CC5057 /* Assets.xcassets */ = {isa = PBXFileReference; lastKnownFileType = folder.assetcatalog; path = Assets.xcassets; sourceTree = "<group>"; };
		3FFC799327D17D1900CC5057 /* Base */ = {isa = PBXFileReference; lastKnownFileType = file.storyboard; name = Base; path = Base.lproj/LaunchScreen.storyboard; sourceTree = "<group>"; };
		3FFC799527D17D1900CC5057 /* Info.plist */ = {isa = PBXFileReference; lastKnownFileType = text.plist.xml; path = Info.plist; sourceTree = "<group>"; };
		3FFC799A27D17D1900CC5057 /* Omtri_SearchAppTests.xctest */ = {isa = PBXFileReference; explicitFileType = wrapper.cfbundle; includeInIndex = 0; path = Omtri_SearchAppTests.xctest; sourceTree = BUILT_PRODUCTS_DIR; };
		3FFC799E27D17D1900CC5057 /* Omtri_SearchAppTests.swift */ = {isa = PBXFileReference; lastKnownFileType = sourcecode.swift; path = Omtri_SearchAppTests.swift; sourceTree = "<group>"; };
		3FFC79A427D17D1900CC5057 /* Omtri_SearchAppUITests.xctest */ = {isa = PBXFileReference; explicitFileType = wrapper.cfbundle; includeInIndex = 0; path = Omtri_SearchAppUITests.xctest; sourceTree = BUILT_PRODUCTS_DIR; };
		3FFC79A827D17D1900CC5057 /* Omtri_SearchAppUITests.swift */ = {isa = PBXFileReference; lastKnownFileType = sourcecode.swift; path = Omtri_SearchAppUITests.swift; sourceTree = "<group>"; };
		3FFC79AA27D17D1900CC5057 /* Omtri_SearchAppUITestsLaunchTests.swift */ = {isa = PBXFileReference; lastKnownFileType = sourcecode.swift; path = Omtri_SearchAppUITestsLaunchTests.swift; sourceTree = "<group>"; };
/* End PBXFileReference section */

/* Begin PBXFrameworksBuildPhase section */
		3FFC798127D17D1900CC5057 /* Frameworks */ = {
			isa = PBXFrameworksBuildPhase;
			buildActionMask = 2147483647;
			files = (
			);
			runOnlyForDeploymentPostprocessing = 0;
		};
		3FFC799727D17D1900CC5057 /* Frameworks */ = {
			isa = PBXFrameworksBuildPhase;
			buildActionMask = 2147483647;
			files = (
			);
			runOnlyForDeploymentPostprocessing = 0;
		};
		3FFC79A127D17D1900CC5057 /* Frameworks */ = {
			isa = PBXFrameworksBuildPhase;
			buildActionMask = 2147483647;
			files = (
			);
			runOnlyForDeploymentPostprocessing = 0;
		};
/* End PBXFrameworksBuildPhase section */

/* Begin PBXGroup section */
		3FFC797B27D17D1900CC5057 = {
			isa = PBXGroup;
			children = (
				3FFC798627D17D1900CC5057 /* Omtri_SearchApp */,
				3FFC799D27D17D1900CC5057 /* Omtri_SearchAppTests */,
				3FFC79A727D17D1900CC5057 /* Omtri_SearchAppUITests */,
				3FFC798527D17D1900CC5057 /* Products */,
			);
			sourceTree = "<group>";
		};
		3FFC798527D17D1900CC5057 /* Products */ = {
			isa = PBXGroup;
			children = (
				3FFC798427D17D1900CC5057 /* Omtri_SearchApp.app */,
				3FFC799A27D17D1900CC5057 /* Omtri_SearchAppTests.xctest */,
				3FFC79A427D17D1900CC5057 /* Omtri_SearchAppUITests.xctest */,
			);
			name = Products;
			sourceTree = "<group>";
		};
		3FFC798627D17D1900CC5057 /* Omtri_SearchApp */ = {
			isa = PBXGroup;
			children = (
				3FFC798727D17D1900CC5057 /* AppDelegate.swift */,
				3FFC798927D17D1900CC5057 /* SceneDelegate.swift */,
				3FFC798B27D17D1900CC5057 /* ViewController.swift */,
				3FFC798D27D17D1900CC5057 /* Main.storyboard */,
				3FFC799027D17D1900CC5057 /* Assets.xcassets */,
				3FFC799227D17D1900CC5057 /* LaunchScreen.storyboard */,
				3FFC799527D17D1900CC5057 /* Info.plist */,
			);
			path = Omtri_SearchApp;
			sourceTree = "<group>";
		};
		3FFC799D27D17D1900CC5057 /* Omtri_SearchAppTests */ = {
			isa = PBXGroup;
			children = (
				3FFC799E27D17D1900CC5057 /* Omtri_SearchAppTests.swift */,
			);
			path = Omtri_SearchAppTests;
			sourceTree = "<group>";
		};
		3FFC79A727D17D1900CC5057 /* Omtri_SearchAppUITests */ = {
			isa = PBXGroup;
			children = (
				3FFC79A827D17D1900CC5057 /* Omtri_SearchAppUITests.swift */,
				3FFC79AA27D17D1900CC5057 /* Omtri_SearchAppUITestsLaunchTests.swift */,
			);
			path = Omtri_SearchAppUITests;
			sourceTree = "<group>";
		};
/* End PBXGroup section */

/* Begin PBXNativeTarget section */
		3FFC798327D17D1900CC5057 /* Omtri_SearchApp */ = {
			isa = PBXNativeTarget;
			buildConfigurationList = 3FFC79AE27D17D1900CC5057 /* Build configuration list for PBXNativeTarget "Omtri_SearchApp" */;
			buildPhases = (
				3FFC798027D17D1900CC5057 /* Sources */,
				3FFC798127D17D1900CC5057 /* Frameworks */,
				3FFC798227D17D1900CC5057 /* Resources */,
			);
			buildRules = (
			);
			dependencies = (
			);
			name = Omtri_SearchApp;
			productName = Omtri_SearchApp;
			productReference = 3FFC798427D17D1900CC5057 /* Omtri_SearchApp.app */;
			productType = "com.apple.product-type.application";
		};
		3FFC799927D17D1900CC5057 /* Omtri_SearchAppTests */ = {
			isa = PBXNativeTarget;
			buildConfigurationList = 3FFC79B127D17D1900CC5057 /* Build configuration list for PBXNativeTarget "Omtri_SearchAppTests" */;
			buildPhases = (
				3FFC799627D17D1900CC5057 /* Sources */,
				3FFC799727D17D1900CC5057 /* Frameworks */,
				3FFC799827D17D1900CC5057 /* Resources */,
			);
			buildRules = (
			);
			dependencies = (
				3FFC799C27D17D1900CC5057 /* PBXTargetDependency */,
			);
			name = Omtri_SearchAppTests;
			productName = Omtri_SearchAppTests;
			productReference = 3FFC799A27D17D1900CC5057 /* Omtri_SearchAppTests.xctest */;
			productType = "com.apple.product-type.bundle.unit-test";
		};
		3FFC79A327D17D1900CC5057 /* Omtri_SearchAppUITests */ = {
			isa = PBXNativeTarget;
			buildConfigurationList = 3FFC79B427D17D1900CC5057 /* Build configuration list for PBXNativeTarget "Omtri_SearchAppUITests" */;
			buildPhases = (
				3FFC79A027D17D1900CC5057 /* Sources */,
				3FFC79A127D17D1900CC5057 /* Frameworks */,
				3FFC79A227D17D1900CC5057 /* Resources */,
			);
			buildRules = (
			);
			dependencies = (
				3FFC79A627D17D1900CC5057 /* PBXTargetDependency */,
			);
			name = Omtri_SearchAppUITests;
			productName = Omtri_SearchAppUITests;
			productReference = 3FFC79A427D17D1900CC5057 /* Omtri_SearchAppUITests.xctest */;
			productType = "com.apple.product-type.bundle.ui-testing";
		};
/* End PBXNativeTarget section */

/* Begin PBXProject section */
		3FFC797C27D17D1900CC5057 /* Project object */ = {
			isa = PBXProject;
			attributes = {
				BuildIndependentTargetsInParallel = 1;
				LastSwiftUpdateCheck = 1320;
				LastUpgradeCheck = 1320;
				TargetAttributes = {
					3FFC798327D17D1900CC5057 = {
						CreatedOnToolsVersion = 13.2.1;
					};
					3FFC799927D17D1900CC5057 = {
						CreatedOnToolsVersion = 13.2.1;
						TestTargetID = 3FFC798327D17D1900CC5057;
					};
					3FFC79A327D17D1900CC5057 = {
						CreatedOnToolsVersion = 13.2.1;
						TestTargetID = 3FFC798327D17D1900CC5057;
					};
				};
			};
			buildConfigurationList = 3FFC797F27D17D1900CC5057 /* Build configuration list for PBXProject "Omtri_SearchApp" */;
			compatibilityVersion = "Xcode 13.0";
			developmentRegion = en;
			hasScannedForEncodings = 0;
			knownRegions = (
				en,
				Base,
			);
			mainGroup = 3FFC797B27D17D1900CC5057;
			productRefGroup = 3FFC798527D17D1900CC5057 /* Products */;
			projectDirPath = "";
			projectRoot = "";
			targets = (
				3FFC798327D17D1900CC5057 /* Omtri_SearchApp */,
				3FFC799927D17D1900CC5057 /* Omtri_SearchAppTests */,
				3FFC79A327D17D1900CC5057 /* Omtri_SearchAppUITests */,
			);
		};
/* End PBXProject section */

/* Begin PBXResourcesBuildPhase section */
		3FFC798227D17D1900CC5057 /* Resources */ = {
			isa = PBXResourcesBuildPhase;
			buildActionMask = 2147483647;
			files = (
				3FFC799427D17D1900CC5057 /* LaunchScreen.storyboard in Resources */,
				3FFC799127D17D1900CC5057 /* Assets.xcassets in Resources */,
				3FFC798F27D17D1900CC5057 /* Main.storyboard in Resources */,
			);
			runOnlyForDeploymentPostprocessing = 0;
		};
		3FFC799827D17D1900CC5057 /* Resources */ = {
			isa = PBXResourcesBuildPhase;
			buildActionMask = 2147483647;
			files = (
			);
			runOnlyForDeploymentPostprocessing = 0;
		};
		3FFC79A227D17D1900CC5057 /* Resources */ = {
			isa = PBXResourcesBuildPhase;
			buildActionMask = 2147483647;
			files = (
			);
			runOnlyForDeploymentPostprocessing = 0;
		};
/* End PBXResourcesBuildPhase section */

/* Begin PBXSourcesBuildPhase section */
		3FFC798027D17D1900CC5057 /* Sources */ = {
			isa = PBXSourcesBuildPhase;
			buildActionMask = 2147483647;
			files = (
				3FFC798C27D17D1900CC5057 /* ViewController.swift in Sources */,
				3FFC798827D17D1900CC5057 /* AppDelegate.swift in Sources */,
				3FFC798A27D17D1900CC5057 /* SceneDelegate.swift in Sources */,
			);
			runOnlyForDeploymentPostprocessing = 0;
		};
		3FFC799627D17D1900CC5057 /* Sources */ = {
			isa = PBXSourcesBuildPhase;
			buildActionMask = 2147483647;
			files = (
				3FFC799F27D17D1900CC5057 /* Omtri_SearchAppTests.swift in Sources */,
			);
			runOnlyForDeploymentPostprocessing = 0;
		};
		3FFC79A027D17D1900CC5057 /* Sources */ = {
			isa = PBXSourcesBuildPhase;
			buildActionMask = 2147483647;
			files = (
				3FFC79AB27D17D1900CC5057 /* Omtri_SearchAppUITestsLaunchTests.swift in Sources */,
				3FFC79A927D17D1900CC5057 /* Omtri_SearchAppUITests.swift in Sources */,
			);
			runOnlyForDeploymentPostprocessing = 0;
		};
/* End PBXSourcesBuildPhase section */

/* Begin PBXTargetDependency section */
		3FFC799C27D17D1900CC5057 /* PBXTargetDependency */ = {
			isa = PBXTargetDependency;
			target = 3FFC798327D17D1900CC5057 /* Omtri_SearchApp */;
			targetProxy = 3FFC799B27D17D1900CC5057 /* PBXContainerItemProxy */;
		};
		3FFC79A627D17D1900CC5057 /* PBXTargetDependency */ = {
			isa = PBXTargetDependency;
			target = 3FFC798327D17D1900CC5057 /* Omtri_SearchApp */;
			targetProxy = 3FFC79A527D17D1900CC5057 /* PBXContainerItemProxy */;
		};
/* End PBXTargetDependency section */

/* Begin PBXVariantGroup section */
		3FFC798D27D17D1900CC5057 /* Main.storyboard */ = {
			isa = PBXVariantGroup;
			children = (
				3FFC798E27D17D1900CC5057 /* Base */,
			);
			name = Main.storyboard;
			sourceTree = "<group>";
		};
		3FFC799227D17D1900CC5057 /* LaunchScreen.storyboard */ = {
			isa = PBXVariantGroup;
			children = (
				3FFC799327D17D1900CC5057 /* Base */,
			);
			name = LaunchScreen.storyboard;
			sourceTree = "<group>";
		};
/* End PBXVariantGroup section */

/* Begin XCBuildConfiguration section */
		3FFC79AC27D17D1900CC5057 /* Debug */ = {
			isa = XCBuildConfiguration;
			buildSettings = {
				ALWAYS_SEARCH_USER_PATHS = NO;
				CLANG_ANALYZER_NONNULL = YES;
				CLANG_ANALYZER_NUMBER_OBJECT_CONVERSION = YES_AGGRESSIVE;
				CLANG_CXX_LANGUAGE_STANDARD = "gnu++17";
				CLANG_CXX_LIBRARY = "libc++";
				CLANG_ENABLE_MODULES = YES;
				CLANG_ENABLE_OBJC_ARC = YES;
				CLANG_ENABLE_OBJC_WEAK = YES;
				CLANG_WARN_BLOCK_CAPTURE_AUTORELEASING = YES;
				CLANG_WARN_BOOL_CONVERSION = YES;
				CLANG_WARN_COMMA = YES;
				CLANG_WARN_CONSTANT_CONVERSION = YES;
				CLANG_WARN_DEPRECATED_OBJC_IMPLEMENTATIONS = YES;
				CLANG_WARN_DIRECT_OBJC_ISA_USAGE = YES_ERROR;
				CLANG_WARN_DOCUMENTATION_COMMENTS = YES;
				CLANG_WARN_EMPTY_BODY = YES;
				CLANG_WARN_ENUM_CONVERSION = YES;
				CLANG_WARN_INFINITE_RECURSION = YES;
				CLANG_WARN_INT_CONVERSION = YES;
				CLANG_WARN_NON_LITERAL_NULL_CONVERSION = YES;
				CLANG_WARN_OBJC_IMPLICIT_RETAIN_SELF = YES;
				CLANG_WARN_OBJC_LITERAL_CONVERSION = YES;
				CLANG_WARN_OBJC_ROOT_CLASS = YES_ERROR;
				CLANG_WARN_QUOTED_INCLUDE_IN_FRAMEWORK_HEADER = YES;
				CLANG_WARN_RANGE_LOOP_ANALYSIS = YES;
				CLANG_WARN_STRICT_PROTOTYPES = YES;
				CLANG_WARN_SUSPICIOUS_MOVE = YES;
				CLANG_WARN_UNGUARDED_AVAILABILITY = YES_AGGRESSIVE;
				CLANG_WARN_UNREACHABLE_CODE = YES;
				CLANG_WARN__DUPLICATE_METHOD_MATCH = YES;
				COPY_PHASE_STRIP = NO;
				DEBUG_INFORMATION_FORMAT = dwarf;
				ENABLE_STRICT_OBJC_MSGSEND = YES;
				ENABLE_TESTABILITY = YES;
				GCC_C_LANGUAGE_STANDARD = gnu11;
				GCC_DYNAMIC_NO_PIC = NO;
				GCC_NO_COMMON_BLOCKS = YES;
				GCC_OPTIMIZATION_LEVEL = 0;
				GCC_PREPROCESSOR_DEFINITIONS = (
					"DEBUG=1",
					"$(inherited)",
				);
				GCC_WARN_64_TO_32_BIT_CONVERSION = YES;
				GCC_WARN_ABOUT_RETURN_TYPE = YES_ERROR;
				GCC_WARN_UNDECLARED_SELECTOR = YES;
				GCC_WARN_UNINITIALIZED_AUTOS = YES_AGGRESSIVE;
				GCC_WARN_UNUSED_FUNCTION = YES;
				GCC_WARN_UNUSED_VARIABLE = YES;
				IPHONEOS_DEPLOYMENT_TARGET = 15.2;
				MTL_ENABLE_DEBUG_INFO = INCLUDE_SOURCE;
				MTL_FAST_MATH = YES;
				ONLY_ACTIVE_ARCH = YES;
				SDKROOT = iphoneos;
				SWIFT_ACTIVE_COMPILATION_CONDITIONS = DEBUG;
				SWIFT_OPTIMIZATION_LEVEL = "-Onone";
			};
			name = Debug;
		};
		3FFC79AD27D17D1900CC5057 /* Release */ = {
			isa = XCBuildConfiguration;
			buildSettings = {
				ALWAYS_SEARCH_USER_PATHS = NO;
				CLANG_ANALYZER_NONNULL = YES;
				CLANG_ANALYZER_NUMBER_OBJECT_CONVERSION = YES_AGGRESSIVE;
				CLANG_CXX_LANGUAGE_STANDARD = "gnu++17";
				CLANG_CXX_LIBRARY = "libc++";
				CLANG_ENABLE_MODULES = YES;
				CLANG_ENABLE_OBJC_ARC = YES;
				CLANG_ENABLE_OBJC_WEAK = YES;
				CLANG_WARN_BLOCK_CAPTURE_AUTORELEASING = YES;
				CLANG_WARN_BOOL_CONVERSION = YES;
				CLANG_WARN_COMMA = YES;
				CLANG_WARN_CONSTANT_CONVERSION = YES;
				CLANG_WARN_DEPRECATED_OBJC_IMPLEMENTATIONS = YES;
				CLANG_WARN_DIRECT_OBJC_ISA_USAGE = YES_ERROR;
				CLANG_WARN_DOCUMENTATION_COMMENTS = YES;
				CLANG_WARN_EMPTY_BODY = YES;
				CLANG_WARN_ENUM_CONVERSION = YES;
				CLANG_WARN_INFINITE_RECURSION = YES;
				CLANG_WARN_INT_CONVERSION = YES;
				CLANG_WARN_NON_LITERAL_NULL_CONVERSION = YES;
				CLANG_WARN_OBJC_IMPLICIT_RETAIN_SELF = YES;
				CLANG_WARN_OBJC_LITERAL_CONVERSION = YES;
				CLANG_WARN_OBJC_ROOT_CLASS = YES_ERROR;
				CLANG_WARN_QUOTED_INCLUDE_IN_FRAMEWORK_HEADER = YES;
				CLANG_WARN_RANGE_LOOP_ANALYSIS = YES;
				CLANG_WARN_STRICT_PROTOTYPES = YES;
				CLANG_WARN_SUSPICIOUS_MOVE = YES;
				CLANG_WARN_UNGUARDED_AVAILABILITY = YES_AGGRESSIVE;
				CLANG_WARN_UNREACHABLE_CODE = YES;
				CLANG_WARN__DUPLICATE_METHOD_MATCH = YES;
				COPY_PHASE_STRIP = NO;
				DEBUG_INFORMATION_FORMAT = "dwarf-with-dsym";
				ENABLE_NS_ASSERTIONS = NO;
				ENABLE_STRICT_OBJC_MSGSEND = YES;
				GCC_C_LANGUAGE_STANDARD = gnu11;
				GCC_NO_COMMON_BLOCKS = YES;
				GCC_WARN_64_TO_32_BIT_CONVERSION = YES;
				GCC_WARN_ABOUT_RETURN_TYPE = YES_ERROR;
				GCC_WARN_UNDECLARED_SELECTOR = YES;
				GCC_WARN_UNINITIALIZED_AUTOS = YES_AGGRESSIVE;
				GCC_WARN_UNUSED_FUNCTION = YES;
				GCC_WARN_UNUSED_VARIABLE = YES;
				IPHONEOS_DEPLOYMENT_TARGET = 15.2;
				MTL_ENABLE_DEBUG_INFO = NO;
				MTL_FAST_MATH = YES;
				SDKROOT = iphoneos;
				SWIFT_COMPILATION_MODE = wholemodule;
				SWIFT_OPTIMIZATION_LEVEL = "-O";
				VALIDATE_PRODUCT = YES;
			};
			name = Release;
		};
		3FFC79AF27D17D1900CC5057 /* Debug */ = {
			isa = XCBuildConfiguration;
			buildSettings = {
				ASSETCATALOG_COMPILER_APPICON_NAME = AppIcon;
				ASSETCATALOG_COMPILER_GLOBAL_ACCENT_COLOR_NAME = AccentColor;
				CODE_SIGN_STYLE = Automatic;
				CURRENT_PROJECT_VERSION = 1;
				GENERATE_INFOPLIST_FILE = YES;
				INFOPLIST_FILE = Omtri_SearchApp/Info.plist;
				INFOPLIST_KEY_CFBundleDisplayName = Omtri_SearchApp;
				INFOPLIST_KEY_UIApplicationSupportsIndirectInputEvents = YES;
				INFOPLIST_KEY_UILaunchStoryboardName = LaunchScreen;
				INFOPLIST_KEY_UIMainStoryboardFile = Main;
				INFOPLIST_KEY_UISupportedInterfaceOrientations_iPad = "UIInterfaceOrientationPortrait UIInterfaceOrientationPortraitUpsideDown UIInterfaceOrientationLandscapeLeft UIInterfaceOrientationLandscapeRight";
				INFOPLIST_KEY_UISupportedInterfaceOrientations_iPhone = "UIInterfaceOrientationPortrait UIInterfaceOrientationLandscapeLeft UIInterfaceOrientationLandscapeRight";
				LD_RUNPATH_SEARCH_PATHS = (
					"$(inherited)",
					"@executable_path/Frameworks",
				);
				MARKETING_VERSION = 1.0;
				PRODUCT_BUNDLE_IDENTIFIER = "nwmsu.Omtri-SearchApp";
				PRODUCT_NAME = "$(TARGET_NAME)";
				SWIFT_EMIT_LOC_STRINGS = YES;
				SWIFT_VERSION = 5.0;
				TARGETED_DEVICE_FAMILY = "1,2";
			};
			name = Debug;
		};
		3FFC79B027D17D1900CC5057 /* Release */ = {
			isa = XCBuildConfiguration;
			buildSettings = {
				ASSETCATALOG_COMPILER_APPICON_NAME = AppIcon;
				ASSETCATALOG_COMPILER_GLOBAL_ACCENT_COLOR_NAME = AccentColor;
				CODE_SIGN_STYLE = Automatic;
				CURRENT_PROJECT_VERSION = 1;
				GENERATE_INFOPLIST_FILE = YES;
				INFOPLIST_FILE = Omtri_SearchApp/Info.plist;
				INFOPLIST_KEY_CFBundleDisplayName = Omtri_SearchApp;
				INFOPLIST_KEY_UIApplicationSupportsIndirectInputEvents = YES;
				INFOPLIST_KEY_UILaunchStoryboardName = LaunchScreen;
				INFOPLIST_KEY_UIMainStoryboardFile = Main;
				INFOPLIST_KEY_UISupportedInterfaceOrientations_iPad = "UIInterfaceOrientationPortrait UIInterfaceOrientationPortraitUpsideDown UIInterfaceOrientationLandscapeLeft UIInterfaceOrientationLandscapeRight";
				INFOPLIST_KEY_UISupportedInterfaceOrientations_iPhone = "UIInterfaceOrientationPortrait UIInterfaceOrientationLandscapeLeft UIInterfaceOrientationLandscapeRight";
				LD_RUNPATH_SEARCH_PATHS = (
					"$(inherited)",
					"@executable_path/Frameworks",
				);
				MARKETING_VERSION = 1.0;
				PRODUCT_BUNDLE_IDENTIFIER = "nwmsu.Omtri-SearchApp";
				PRODUCT_NAME = "$(TARGET_NAME)";
				SWIFT_EMIT_LOC_STRINGS = YES;
				SWIFT_VERSION = 5.0;
				TARGETED_DEVICE_FAMILY = "1,2";
			};
			name = Release;
		};
		3FFC79B227D17D1900CC5057 /* Debug */ = {
			isa = XCBuildConfiguration;
			buildSettings = {
				ALWAYS_EMBED_SWIFT_STANDARD_LIBRARIES = YES;
				BUNDLE_LOADER = "$(TEST_HOST)";
				CODE_SIGN_STYLE = Automatic;
				CURRENT_PROJECT_VERSION = 1;
				GENERATE_INFOPLIST_FILE = YES;
				IPHONEOS_DEPLOYMENT_TARGET = 15.2;
				MARKETING_VERSION = 1.0;
				PRODUCT_BUNDLE_IDENTIFIER = "nwmsu.Omtri-SearchAppTests";
				PRODUCT_NAME = "$(TARGET_NAME)";
				SWIFT_EMIT_LOC_STRINGS = NO;
				SWIFT_VERSION = 5.0;
				TARGETED_DEVICE_FAMILY = "1,2";
				TEST_HOST = "$(BUILT_PRODUCTS_DIR)/Omtri_SearchApp.app/Omtri_SearchApp";
			};
			name = Debug;
		};
		3FFC79B327D17D1900CC5057 /* Release */ = {
			isa = XCBuildConfiguration;
			buildSettings = {
				ALWAYS_EMBED_SWIFT_STANDARD_LIBRARIES = YES;
				BUNDLE_LOADER = "$(TEST_HOST)";
				CODE_SIGN_STYLE = Automatic;
				CURRENT_PROJECT_VERSION = 1;
				GENERATE_INFOPLIST_FILE = YES;
				IPHONEOS_DEPLOYMENT_TARGET = 15.2;
				MARKETING_VERSION = 1.0;
				PRODUCT_BUNDLE_IDENTIFIER = "nwmsu.Omtri-SearchAppTests";
				PRODUCT_NAME = "$(TARGET_NAME)";
				SWIFT_EMIT_LOC_STRINGS = NO;
				SWIFT_VERSION = 5.0;
				TARGETED_DEVICE_FAMILY = "1,2";
				TEST_HOST = "$(BUILT_PRODUCTS_DIR)/Omtri_SearchApp.app/Omtri_SearchApp";
			};
			name = Release;
		};
		3FFC79B527D17D1900CC5057 /* Debug */ = {
			isa = XCBuildConfiguration;
			buildSettings = {
				ALWAYS_EMBED_SWIFT_STANDARD_LIBRARIES = YES;
				CODE_SIGN_STYLE = Automatic;
				CURRENT_PROJECT_VERSION = 1;
				GENERATE_INFOPLIST_FILE = YES;
				MARKETING_VERSION = 1.0;
				PRODUCT_BUNDLE_IDENTIFIER = "nwmsu.Omtri-SearchAppUITests";
				PRODUCT_NAME = "$(TARGET_NAME)";
				SWIFT_EMIT_LOC_STRINGS = NO;
				SWIFT_VERSION = 5.0;
				TARGETED_DEVICE_FAMILY = "1,2";
				TEST_TARGET_NAME = Omtri_SearchApp;
			};
			name = Debug;
		};
		3FFC79B627D17D1900CC5057 /* Release */ = {
			isa = XCBuildConfiguration;
			buildSettings = {
				ALWAYS_EMBED_SWIFT_STANDARD_LIBRARIES = YES;
				CODE_SIGN_STYLE = Automatic;
				CURRENT_PROJECT_VERSION = 1;
				GENERATE_INFOPLIST_FILE = YES;
				MARKETING_VERSION = 1.0;
				PRODUCT_BUNDLE_IDENTIFIER = "nwmsu.Omtri-SearchAppUITests";
				PRODUCT_NAME = "$(TARGET_NAME)";
				SWIFT_EMIT_LOC_STRINGS = NO;
				SWIFT_VERSION = 5.0;
				TARGETED_DEVICE_FAMILY = "1,2";
				TEST_TARGET_NAME = Omtri_SearchApp;
			};
			name = Release;
		};
/* End XCBuildConfiguration section */

/* Begin XCConfigurationList section */
		3FFC797F27D17D1900CC5057 /* Build configuration list for PBXProject "Omtri_SearchApp" */ = {
			isa = XCConfigurationList;
			buildConfigurations = (
				3FFC79AC27D17D1900CC5057 /* Debug */,
				3FFC79AD27D17D1900CC5057 /* Release */,
			);
			defaultConfigurationIsVisible = 0;
			defaultConfigurationName = Release;
		};
		3FFC79AE27D17D1900CC5057 /* Build configuration list for PBXNativeTarget "Omtri_SearchApp" */ = {
			isa = XCConfigurationList;
			buildConfigurations = (
				3FFC79AF27D17D1900CC5057 /* Debug */,
				3FFC79B027D17D1900CC5057 /* Release */,
			);
			defaultConfigurationIsVisible = 0;
			defaultConfigurationName = Release;
		};
		3FFC79B127D17D1900CC5057 /* Build configuration list for PBXNativeTarget "Omtri_SearchAppTests" */ = {
			isa = XCConfigurationList;
			buildConfigurations = (
				3FFC79B227D17D1900CC5057 /* Debug */,
				3FFC79B327D17D1900CC5057 /* Release */,
			);
			defaultConfigurationIsVisible = 0;
			defaultConfigurationName = Release;
		};
		3FFC79B427D17D1900CC5057 /* Build configuration list for PBXNativeTarget "Omtri_SearchAppUITests" */ = {
			isa = XCConfigurationList;
			buildConfigurations = (
				3FFC79B527D17D1900CC5057 /* Debug */,
				3FFC79B627D17D1900CC5057 /* Release */,
			);
			defaultConfigurationIsVisible = 0;
			defaultConfigurationName = Release;
		};
/* End XCConfigurationList section */
	};
	rootObject = 3FFC797C27D17D1900CC5057 /* Project object */;
}
